Microsoft Visual Studio Solution File, Format Version 12.00
# Visual Studio Version 17
VisualStudioVersion = 17.5.2.0
MinimumVisualStudioVersion = 10.0.40219.1
Project("{2150E333-8FDC-42A3-9474-1A3956D46DE8}") = "src", "src", "{827E0CD3-B72D-47B6-A68D-7590B98EB39B}"
EndProject
Project("{2150E333-8FDC-42A3-9474-1A3956D46DE8}") = "alternative-bots", "alternative-bots", "{A3963A42-BA02-1665-FEE3-9A6867D26CB0}"
EndProject
Project("{FAE04EC0-301F-11D3-BF4B-00C04F79EFBC}") = "Moana", "src\alternative-bots\alt-bot-3\Moana.csproj", "{1FE5E54D-93A0-A9E7-FF64-E5B9BE44275D}"
EndProject
Global
	GlobalSection(SolutionConfigurationPlatforms) = preSolution
		Debug|Any CPU = Debug|Any CPU
		Release|Any CPU = Release|Any CPU
	EndGlobalSection
	GlobalSection(ProjectConfigurationPlatforms) = postSolution
		{1FE5E54D-93A0-A9E7-FF64-E5B9BE44275D}.Debug|Any CPU.ActiveCfg = Debug|Any CPU
		{1FE5E54D-93A0-A9E7-FF64-E5B9BE44275D}.Debug|Any CPU.Build.0 = Debug|Any CPU
		{1FE5E54D-93A0-A9E7-FF64-E5B9BE44275D}.Release|Any CPU.ActiveCfg = Release|Any CPU
		{1FE5E54D-93A0-A9E7-FF64-E5B9BE44275D}.Release|Any CPU.Build.0 = Release|Any CPU
	EndGlobalSection
	GlobalSection(SolutionProperties) = preSolution
		HideSolutionNode = FALSE
	EndGlobalSection
	GlobalSection(NestedProjects) = preSolution
		{A3963A42-BA02-1665-FEE3-9A6867D26CB0} = {827E0CD3-B72D-47B6-A68D-7590B98EB39B}
		{1FE5E54D-93A0-A9E7-FF64-E5B9BE44275D} = {A3963A42-BA02-1665-FEE3-9A6867D26CB0}
	EndGlobalSection
	GlobalSection(ExtensibilityGlobals) = postSolution
		SolutionGuid = {89AFE764-C5B7-4BE9-AEBE-B70DB3D07D1D}
	EndGlobalSection
EndGlobal
